
Microsoft Visual Studio Solution File, Format Version 12.00
# Visual Studio 14
VisualStudioVersion = 14.0.23107.0
MinimumVisualStudioVersion = 10.0.40219.1
Project("{FAE04EC0-301F-11D3-BF4B-00C04F79EFBC}") = "Radoslav.TaskProcessor.Model", "TaskProcessor\Model\Radoslav.TaskProcessor.Model.csproj", "{6917CFC2-4F2B-4C1A-939E-B05D07ACCFEA}"
EndProject
Project("{FAE04EC0-301F-11D3-BF4B-00C04F79EFBC}") = "Radoslav.TaskProcessor.UnitTests", "TaskProcessor.Dev\UnitTests\Radoslav.TaskProcessor.UnitTests.csproj", "{EFB76932-713A-4124-B0C2-704765868582}"
	ProjectSection(ProjectDependencies) = postProject
		{0A70D379-6214-4E24-BC52-D9133B6005B9} = {0A70D379-6214-4E24-BC52-D9133B6005B9}
	EndProjectSection
EndProject
Project("{FAE04EC0-301F-11D3-BF4B-00C04F79EFBC}") = "Radoslav.TaskProcessor", "TaskProcessor\TaskProcessor\Radoslav.TaskProcessor.csproj", "{45A7B5FC-72C1-4787-A0CD-8E289C2188B9}"
EndProject
Project("{FAE04EC0-301F-11D3-BF4B-00C04F79EFBC}") = "Radoslav.Redis.ServiceStack", "..\Radoslav.Common\Redis.ServiceStack\Radoslav.Redis.ServiceStack.csproj", "{45F8AEA0-62C2-4656-9773-A89A827F085D}"
EndProject
Project("{FAE04EC0-301F-11D3-BF4B-00C04F79EFBC}") = "Radoslav.Redis", "..\Radoslav.Common\Redis\Radoslav.Redis.csproj", "{F143340B-3635-4A24-949B-5196EF04C3F2}"
EndProject
Project("{FAE04EC0-301F-11D3-BF4B-00C04F79EFBC}") = "Radoslav.TaskProcessor.MessageBus", "TaskProcessor\MessageBus\Radoslav.TaskProcessor.MessageBus.csproj", "{7F9BF0D3-6629-4D2E-9CB7-7061D8728F7B}"
EndProject
Project("{FAE04EC0-301F-11D3-BF4B-00C04F79EFBC}") = "Radoslav.TaskProcessor.Repository", "TaskProcessor\Repository\Radoslav.TaskProcessor.Repository.csproj", "{974E0791-F6A4-4AAE-9613-4D9DEACE4FF4}"
EndProject
Project("{FAE04EC0-301F-11D3-BF4B-00C04F79EFBC}") = "Radoslav.TaskProcessor.Repository.Redis", "TaskProcessor\Repository.Redis\Radoslav.TaskProcessor.Repository.Redis.csproj", "{7205FB51-1A99-4BAF-8E4B-855F21AD275D}"
EndProject
Project("{FAE04EC0-301F-11D3-BF4B-00C04F79EFBC}") = "Radoslav.TaskProcessor.MessageBus.Redis", "TaskProcessor\MessageBus.Redis\Radoslav.TaskProcessor.MessageBus.Redis.csproj", "{AC68E80D-2A36-497B-A410-25A259A0E2D1}"
EndProject
Project("{FAE04EC0-301F-11D3-BF4B-00C04F79EFBC}") = "Radoslav.TaskProcessor.Monitor.Wpf", "TaskProcessor.Dev\Monitor.Wpf\Radoslav.TaskProcessor.Monitor.Wpf.csproj", "{4233F179-5DAE-44B7-8F3A-9355E1D8078A}"
	ProjectSection(ProjectDependencies) = postProject
		{D162D949-7077-4A6A-9B5F-3DABEB0C12FB} = {D162D949-7077-4A6A-9B5F-3DABEB0C12FB}
		{FAA48B7A-5EB5-412B-9B22-5549239C67FF} = {FAA48B7A-5EB5-412B-9B22-5549239C67FF}
	EndProjectSection
EndProject
Project("{FAE04EC0-301F-11D3-BF4B-00C04F79EFBC}") = "Radoslav.Helpers", "..\Radoslav.Common\Helpers\Radoslav.Helpers.csproj", "{7A3CBCC0-43E6-44E1-ADFA-245055F4E36D}"
EndProject
Project("{FAE04EC0-301F-11D3-BF4B-00C04F79EFBC}") = "Radoslav.UnitTesting", "..\Radoslav.Common\UnitTesting\Radoslav.UnitTesting.csproj", "{86CE3E8B-AA8A-42B4-ACDB-2F1C53D3ADE6}"
EndProject
Project("{FAE04EC0-301F-11D3-BF4B-00C04F79EFBC}") = "Radoslav.Configuration", "..\Radoslav.Common\Configuration\Radoslav.Configuration.csproj", "{0F0E722B-41C8-4518-A513-1B493DC5A430}"
EndProject
Project("{2150E333-8FDC-42A3-9474-1A3956D46DE8}") = "Solution Items", "Solution Items", "{E6861E72-6168-4813-A903-A8225ED939E0}"
	ProjectSection(SolutionItems) = preProject
		..\Radoslav.Common\CodeAnalysisDictionary.xml = ..\Radoslav.Common\CodeAnalysisDictionary.xml
		CommonAssemblyInfo.cs = CommonAssemblyInfo.cs
		Radoslav.TaskProcessor.chm = Radoslav.TaskProcessor.chm
		..\Radoslav.Common\StaticCodeAnalysis.ruleset = ..\Radoslav.Common\StaticCodeAnalysis.ruleset
		..\Radoslav.Common\StaticCodeAnalysis.UnitTests.ruleset = ..\Radoslav.Common\StaticCodeAnalysis.UnitTests.ruleset
	EndProjectSection
EndProject
Project("{2150E333-8FDC-42A3-9474-1A3956D46DE8}") = "Radoslav.Common", "Radoslav.Common", "{7D4E0A1A-6D42-4DA9-963B-6A889DB4377F}"
EndProject
Project("{FAE04EC0-301F-11D3-BF4B-00C04F79EFBC}") = "Radoslav.TaskProcessor.UnitTests.ConsoleApp", "TaskProcessor.Dev\UnitTests.ConsoleApp\Radoslav.TaskProcessor.UnitTests.ConsoleApp.csproj", "{0A70D379-6214-4E24-BC52-D9133B6005B9}"
EndProject
Project("{FAE04EC0-301F-11D3-BF4B-00C04F79EFBC}") = "Radoslav.DateTimeProvider", "..\Radoslav.Common\DateTimeProvider\Radoslav.DateTimeProvider.csproj", "{02BE1AE4-B099-4AEF-A327-B5D272690000}"
EndProject
Project("{FAE04EC0-301F-11D3-BF4B-00C04F79EFBC}") = "Radoslav.DateTimeProvider.Redis", "..\Radoslav.Common\DateTimeProvider.Redis\Radoslav.DateTimeProvider.Redis.csproj", "{CD9075D8-ED44-47C7-A8D1-C4D4D2ADDE97}"
EndProject
Project("{FAE04EC0-301F-11D3-BF4B-00C04F79EFBC}") = "Radoslav.TaskProcessor.Monitor.ConsoleApp", "TaskProcessor.Dev\Monitor.ConsoleApp\Radoslav.TaskProcessor.Monitor.ConsoleApp.csproj", "{FAA48B7A-5EB5-412B-9B22-5549239C67FF}"
EndProject
Project("{FAE04EC0-301F-11D3-BF4B-00C04F79EFBC}") = "Radoslav.TaskProcessor.TaskWorker", "TaskProcessor\TaskWorker\Radoslav.TaskProcessor.TaskWorker.csproj", "{D162D949-7077-4A6A-9B5F-3DABEB0C12FB}"
EndProject
Project("{FAE04EC0-301F-11D3-BF4B-00C04F79EFBC}") = "Radoslav.TaskProcessor.Facade", "TaskProcessor\TaskProcessorFacade\Radoslav.TaskProcessor.Facade.csproj", "{75F0B73F-E1C4-4484-9209-BD1EBDA352D6}"
EndProject
Project("{2150E333-8FDC-42A3-9474-1A3956D46DE8}") = "TaskProcessor.Dev", "TaskProcessor.Dev", "{F37ADEA1-EA88-475B-AA16-992CEE7C2CD0}"
EndProject
Project("{2150E333-8FDC-42A3-9474-1A3956D46DE8}") = "TaskProcessor", "TaskProcessor", "{0D5CC344-A2F1-4B24-A974-D12774BCEAA0}"
EndProject
Project("{FAE04EC0-301F-11D3-BF4B-00C04F79EFBC}") = "Radoslav.TaskProcessor.WindowsService", "TaskProcessor\WindowsService\Radoslav.TaskProcessor.WindowsService.csproj", "{6A173D05-C12B-4AC9-B2F8-1C64706EA7DA}"
EndProject
Project("{FAE04EC0-301F-11D3-BF4B-00C04F79EFBC}") = "Radoslav.ServiceLocator", "..\Radoslav.Common\ServiceLocator\Radoslav.ServiceLocator.csproj", "{963DEBA2-7936-4077-95B4-137B0AB73486}"
EndProject
Project("{FAE04EC0-301F-11D3-BF4B-00C04F79EFBC}") = "Radoslav.TaskProcessor.Configuration.AppConfig", "TaskProcessor\Configuration.AppConfig\Radoslav.TaskProcessor.Configuration.AppConfig.csproj", "{C54D789B-C346-4EB4-87A8-F0F693296310}"
EndProject
Project("{FAE04EC0-301F-11D3-BF4B-00C04F79EFBC}") = "Radoslav.TaskProcessor.TaskDistributor", "TaskProcessor\TaskDistributor\Radoslav.TaskProcessor.TaskDistributor.csproj", "{94084A2D-4781-43BB-999A-8FB9544F1168}"
EndProject
Project("{FAE04EC0-301F-11D3-BF4B-00C04F79EFBC}") = "Radoslav.Serialization", "..\Radoslav.Common\Serialization\Radoslav.Serialization.csproj", "{1F4DF8BA-6022-4920-9490-5383796D072D}"
EndProject
Project("{FAE04EC0-301F-11D3-BF4B-00C04F79EFBC}") = "Radoslav.TaskProcessor.Helpers", "TaskProcessor\Helpers\Radoslav.TaskProcessor.Helpers.csproj", "{7934C29D-21FB-4F10-8831-F3D5A4FF6057}"
EndProject
Project("{FAE04EC0-301F-11D3-BF4B-00C04F79EFBC}") = "Radoslav.TaskProcessor.TaskScheduler", "TaskProcessor\TaskScheduler\Radoslav.TaskProcessor.TaskScheduler.csproj", "{3E76622F-9B20-40D5-BFD5-C2710F0BDAF8}"
EndProject
Project("{FAE04EC0-301F-11D3-BF4B-00C04F79EFBC}") = "Radoslav.Common.UnitTests", "..\Radoslav.Common\UnitTests\Radoslav.Common.UnitTests.csproj", "{99131EDA-1650-48BD-A6C0-CA28F9218E46}"
EndProject
Project("{FAE04EC0-301F-11D3-BF4B-00C04F79EFBC}") = "Radoslav.Common.UnitTests.ConsoleApp", "..\Radoslav.Common\UnitTests.ConsoleApp\Radoslav.Common.UnitTests.ConsoleApp.csproj", "{17C60BF1-78DB-4449-BFD9-2217FA745B41}"
EndProject
Project("{2150E333-8FDC-42A3-9474-1A3956D46DE8}") = "Radoslav.Common.Dev", "Radoslav.Common.Dev", "{C009447B-110D-4FEE-98C7-FB8F6AEE456E}"
EndProject
Global
	GlobalSection(SolutionConfigurationPlatforms) = preSolution
		Debug|Any CPU = Debug|Any CPU
		Debug|Mixed Platforms = Debug|Mixed Platforms
		Debug|x64 = Debug|x64
		Debug|x86 = Debug|x86
		Release|Any CPU = Release|Any CPU
		Release|Mixed Platforms = Release|Mixed Platforms
		Release|x64 = Release|x64
		Release|x86 = Release|x86
	EndGlobalSection
	GlobalSection(ProjectConfigurationPlatforms) = postSolution
		{6917CFC2-4F2B-4C1A-939E-B05D07ACCFEA}.Debug|Any CPU.ActiveCfg = Debug|Any CPU
		{6917CFC2-4F2B-4C1A-939E-B05D07ACCFEA}.Debug|Any CPU.Build.0 = Debug|Any CPU
		{6917CFC2-4F2B-4C1A-939E-B05D07ACCFEA}.Debug|Mixed Platforms.ActiveCfg = Debug|Any CPU
		{6917CFC2-4F2B-4C1A-939E-B05D07ACCFEA}.Debug|Mixed Platforms.Build.0 = Debug|Any CPU
		{6917CFC2-4F2B-4C1A-939E-B05D07ACCFEA}.Debug|x64.ActiveCfg = Debug|Any CPU
		{6917CFC2-4F2B-4C1A-939E-B05D07ACCFEA}.Debug|x86.ActiveCfg = Debug|Any CPU
		{6917CFC2-4F2B-4C1A-939E-B05D07ACCFEA}.Release|Any CPU.ActiveCfg = Release|Any CPU
		{6917CFC2-4F2B-4C1A-939E-B05D07ACCFEA}.Release|Any CPU.Build.0 = Release|Any CPU
		{6917CFC2-4F2B-4C1A-939E-B05D07ACCFEA}.Release|Mixed Platforms.ActiveCfg = Release|Any CPU
		{6917CFC2-4F2B-4C1A-939E-B05D07ACCFEA}.Release|Mixed Platforms.Build.0 = Release|Any CPU
		{6917CFC2-4F2B-4C1A-939E-B05D07ACCFEA}.Release|x64.ActiveCfg = Release|Any CPU
		{6917CFC2-4F2B-4C1A-939E-B05D07ACCFEA}.Release|x86.ActiveCfg = Release|Any CPU
		{EFB76932-713A-4124-B0C2-704765868582}.Debug|Any CPU.ActiveCfg = Debug|Any CPU
		{EFB76932-713A-4124-B0C2-704765868582}.Debug|Any CPU.Build.0 = Debug|Any CPU
		{EFB76932-713A-4124-B0C2-704765868582}.Debug|Mixed Platforms.ActiveCfg = Debug|Any CPU
		{EFB76932-713A-4124-B0C2-704765868582}.Debug|Mixed Platforms.Build.0 = Debug|Any CPU
		{EFB76932-713A-4124-B0C2-704765868582}.Debug|x64.ActiveCfg = Debug|Any CPU
		{EFB76932-713A-4124-B0C2-704765868582}.Debug|x86.ActiveCfg = Debug|Any CPU
		{EFB76932-713A-4124-B0C2-704765868582}.Release|Any CPU.ActiveCfg = Release|Any CPU
		{EFB76932-713A-4124-B0C2-704765868582}.Release|Mixed Platforms.ActiveCfg = Release|Any CPU
		{EFB76932-713A-4124-B0C2-704765868582}.Release|x64.ActiveCfg = Release|Any CPU
		{EFB76932-713A-4124-B0C2-704765868582}.Release|x86.ActiveCfg = Release|Any CPU
		{45A7B5FC-72C1-4787-A0CD-8E289C2188B9}.Debug|Any CPU.ActiveCfg = Debug|Any CPU
		{45A7B5FC-72C1-4787-A0CD-8E289C2188B9}.Debug|Any CPU.Build.0 = Debug|Any CPU
		{45A7B5FC-72C1-4787-A0CD-8E289C2188B9}.Debug|Mixed Platforms.ActiveCfg = Debug|Any CPU
		{45A7B5FC-72C1-4787-A0CD-8E289C2188B9}.Debug|Mixed Platforms.Build.0 = Debug|Any CPU
		{45A7B5FC-72C1-4787-A0CD-8E289C2188B9}.Debug|x64.ActiveCfg = Debug|Any CPU
		{45A7B5FC-72C1-4787-A0CD-8E289C2188B9}.Debug|x86.ActiveCfg = Debug|Any CPU
		{45A7B5FC-72C1-4787-A0CD-8E289C2188B9}.Release|Any CPU.ActiveCfg = Release|Any CPU
		{45A7B5FC-72C1-4787-A0CD-8E289C2188B9}.Release|Any CPU.Build.0 = Release|Any CPU
		{45A7B5FC-72C1-4787-A0CD-8E289C2188B9}.Release|Mixed Platforms.ActiveCfg = Release|Any CPU
		{45A7B5FC-72C1-4787-A0CD-8E289C2188B9}.Release|Mixed Platforms.Build.0 = Release|Any CPU
		{45A7B5FC-72C1-4787-A0CD-8E289C2188B9}.Release|x64.ActiveCfg = Release|Any CPU
		{45A7B5FC-72C1-4787-A0CD-8E289C2188B9}.Release|x86.ActiveCfg = Release|Any CPU
		{45F8AEA0-62C2-4656-9773-A89A827F085D}.Debug|Any CPU.ActiveCfg = Debug|Any CPU
		{45F8AEA0-62C2-4656-9773-A89A827F085D}.Debug|Any CPU.Build.0 = Debug|Any CPU
		{45F8AEA0-62C2-4656-9773-A89A827F085D}.Debug|Mixed Platforms.ActiveCfg = Debug|Any CPU
		{45F8AEA0-62C2-4656-9773-A89A827F085D}.Debug|Mixed Platforms.Build.0 = Debug|Any CPU
		{45F8AEA0-62C2-4656-9773-A89A827F085D}.Debug|x64.ActiveCfg = Debug|Any CPU
		{45F8AEA0-62C2-4656-9773-A89A827F085D}.Debug|x86.ActiveCfg = Debug|Any CPU
		{45F8AEA0-62C2-4656-9773-A89A827F085D}.Release|Any CPU.ActiveCfg = Release|Any CPU
		{45F8AEA0-62C2-4656-9773-A89A827F085D}.Release|Any CPU.Build.0 = Release|Any CPU
		{45F8AEA0-62C2-4656-9773-A89A827F085D}.Release|Mixed Platforms.ActiveCfg = Release|Any CPU
		{45F8AEA0-62C2-4656-9773-A89A827F085D}.Release|Mixed Platforms.Build.0 = Release|Any CPU
		{45F8AEA0-62C2-4656-9773-A89A827F085D}.Release|x64.ActiveCfg = Release|Any CPU
		{45F8AEA0-62C2-4656-9773-A89A827F085D}.Release|x86.ActiveCfg = Release|Any CPU
		{F143340B-3635-4A24-949B-5196EF04C3F2}.Debug|Any CPU.ActiveCfg = Debug|Any CPU
		{F143340B-3635-4A24-949B-5196EF04C3F2}.Debug|Any CPU.Build.0 = Debug|Any CPU
		{F143340B-3635-4A24-949B-5196EF04C3F2}.Debug|Mixed Platforms.ActiveCfg = Debug|Any CPU
		{F143340B-3635-4A24-949B-5196EF04C3F2}.Debug|Mixed Platforms.Build.0 = Debug|Any CPU
		{F143340B-3635-4A24-949B-5196EF04C3F2}.Debug|x64.ActiveCfg = Debug|Any CPU
		{F143340B-3635-4A24-949B-5196EF04C3F2}.Debug|x86.ActiveCfg = Debug|Any CPU
		{F143340B-3635-4A24-949B-5196EF04C3F2}.Release|Any CPU.ActiveCfg = Release|Any CPU
		{F143340B-3635-4A24-949B-5196EF04C3F2}.Release|Any CPU.Build.0 = Release|Any CPU
		{F143340B-3635-4A24-949B-5196EF04C3F2}.Release|Mixed Platforms.ActiveCfg = Release|Any CPU
		{F143340B-3635-4A24-949B-5196EF04C3F2}.Release|Mixed Platforms.Build.0 = Release|Any CPU
		{F143340B-3635-4A24-949B-5196EF04C3F2}.Release|x64.ActiveCfg = Release|Any CPU
		{F143340B-3635-4A24-949B-5196EF04C3F2}.Release|x86.ActiveCfg = Release|Any CPU
		{7F9BF0D3-6629-4D2E-9CB7-7061D8728F7B}.Debug|Any CPU.ActiveCfg = Debug|Any CPU
		{7F9BF0D3-6629-4D2E-9CB7-7061D8728F7B}.Debug|Any CPU.Build.0 = Debug|Any CPU
		{7F9BF0D3-6629-4D2E-9CB7-7061D8728F7B}.Debug|Mixed Platforms.ActiveCfg = Debug|Any CPU
		{7F9BF0D3-6629-4D2E-9CB7-7061D8728F7B}.Debug|Mixed Platforms.Build.0 = Debug|Any CPU
		{7F9BF0D3-6629-4D2E-9CB7-7061D8728F7B}.Debug|x64.ActiveCfg = Debug|Any CPU
		{7F9BF0D3-6629-4D2E-9CB7-7061D8728F7B}.Debug|x86.ActiveCfg = Debug|Any CPU
		{7F9BF0D3-6629-4D2E-9CB7-7061D8728F7B}.Release|Any CPU.ActiveCfg = Release|Any CPU
		{7F9BF0D3-6629-4D2E-9CB7-7061D8728F7B}.Release|Any CPU.Build.0 = Release|Any CPU
		{7F9BF0D3-6629-4D2E-9CB7-7061D8728F7B}.Release|Mixed Platforms.ActiveCfg = Release|Any CPU
		{7F9BF0D3-6629-4D2E-9CB7-7061D8728F7B}.Release|Mixed Platforms.Build.0 = Release|Any CPU
		{7F9BF0D3-6629-4D2E-9CB7-7061D8728F7B}.Release|x64.ActiveCfg = Release|Any CPU
		{7F9BF0D3-6629-4D2E-9CB7-7061D8728F7B}.Release|x86.ActiveCfg = Release|Any CPU
		{974E0791-F6A4-4AAE-9613-4D9DEACE4FF4}.Debug|Any CPU.ActiveCfg = Debug|Any CPU
		{974E0791-F6A4-4AAE-9613-4D9DEACE4FF4}.Debug|Any CPU.Build.0 = Debug|Any CPU
		{974E0791-F6A4-4AAE-9613-4D9DEACE4FF4}.Debug|Mixed Platforms.ActiveCfg = Debug|Any CPU
		{974E0791-F6A4-4AAE-9613-4D9DEACE4FF4}.Debug|Mixed Platforms.Build.0 = Debug|Any CPU
		{974E0791-F6A4-4AAE-9613-4D9DEACE4FF4}.Debug|x64.ActiveCfg = Debug|Any CPU
		{974E0791-F6A4-4AAE-9613-4D9DEACE4FF4}.Debug|x86.ActiveCfg = Debug|Any CPU
		{974E0791-F6A4-4AAE-9613-4D9DEACE4FF4}.Release|Any CPU.ActiveCfg = Release|Any CPU
		{974E0791-F6A4-4AAE-9613-4D9DEACE4FF4}.Release|Any CPU.Build.0 = Release|Any CPU
		{974E0791-F6A4-4AAE-9613-4D9DEACE4FF4}.Release|Mixed Platforms.ActiveCfg = Release|Any CPU
		{974E0791-F6A4-4AAE-9613-4D9DEACE4FF4}.Release|Mixed Platforms.Build.0 = Release|Any CPU
		{974E0791-F6A4-4AAE-9613-4D9DEACE4FF4}.Release|x64.ActiveCfg = Release|Any CPU
		{974E0791-F6A4-4AAE-9613-4D9DEACE4FF4}.Release|x86.ActiveCfg = Release|Any CPU
		{7205FB51-1A99-4BAF-8E4B-855F21AD275D}.Debug|Any CPU.ActiveCfg = Debug|Any CPU
		{7205FB51-1A99-4BAF-8E4B-855F21AD275D}.Debug|Any CPU.Build.0 = Debug|Any CPU
		{7205FB51-1A99-4BAF-8E4B-855F21AD275D}.Debug|Mixed Platforms.ActiveCfg = Debug|Any CPU
		{7205FB51-1A99-4BAF-8E4B-855F21AD275D}.Debug|Mixed Platforms.Build.0 = Debug|Any CPU
		{7205FB51-1A99-4BAF-8E4B-855F21AD275D}.Debug|x64.ActiveCfg = Debug|Any CPU
		{7205FB51-1A99-4BAF-8E4B-855F21AD275D}.Debug|x86.ActiveCfg = Debug|Any CPU
		{7205FB51-1A99-4BAF-8E4B-855F21AD275D}.Release|Any CPU.ActiveCfg = Release|Any CPU
		{7205FB51-1A99-4BAF-8E4B-855F21AD275D}.Release|Any CPU.Build.0 = Release|Any CPU
		{7205FB51-1A99-4BAF-8E4B-855F21AD275D}.Release|Mixed Platforms.ActiveCfg = Release|Any CPU
		{7205FB51-1A99-4BAF-8E4B-855F21AD275D}.Release|Mixed Platforms.Build.0 = Release|Any CPU
		{7205FB51-1A99-4BAF-8E4B-855F21AD275D}.Release|x64.ActiveCfg = Release|Any CPU
		{7205FB51-1A99-4BAF-8E4B-855F21AD275D}.Release|x86.ActiveCfg = Release|Any CPU
		{AC68E80D-2A36-497B-A410-25A259A0E2D1}.Debug|Any CPU.ActiveCfg = Debug|Any CPU
		{AC68E80D-2A36-497B-A410-25A259A0E2D1}.Debug|Any CPU.Build.0 = Debug|Any CPU
		{AC68E80D-2A36-497B-A410-25A259A0E2D1}.Debug|Mixed Platforms.ActiveCfg = Debug|Any CPU
		{AC68E80D-2A36-497B-A410-25A259A0E2D1}.Debug|Mixed Platforms.Build.0 = Debug|Any CPU
		{AC68E80D-2A36-497B-A410-25A259A0E2D1}.Debug|x64.ActiveCfg = Debug|Any CPU
		{AC68E80D-2A36-497B-A410-25A259A0E2D1}.Debug|x86.ActiveCfg = Debug|Any CPU
		{AC68E80D-2A36-497B-A410-25A259A0E2D1}.Release|Any CPU.ActiveCfg = Release|Any CPU
		{AC68E80D-2A36-497B-A410-25A259A0E2D1}.Release|Any CPU.Build.0 = Release|Any CPU
		{AC68E80D-2A36-497B-A410-25A259A0E2D1}.Release|Mixed Platforms.ActiveCfg = Release|Any CPU
		{AC68E80D-2A36-497B-A410-25A259A0E2D1}.Release|Mixed Platforms.Build.0 = Release|Any CPU
		{AC68E80D-2A36-497B-A410-25A259A0E2D1}.Release|x64.ActiveCfg = Release|Any CPU
		{AC68E80D-2A36-497B-A410-25A259A0E2D1}.Release|x86.ActiveCfg = Release|Any CPU
		{4233F179-5DAE-44B7-8F3A-9355E1D8078A}.Debug|Any CPU.ActiveCfg = Debug|Any CPU
		{4233F179-5DAE-44B7-8F3A-9355E1D8078A}.Debug|Any CPU.Build.0 = Debug|Any CPU
		{4233F179-5DAE-44B7-8F3A-9355E1D8078A}.Debug|Mixed Platforms.ActiveCfg = Debug|Any CPU
		{4233F179-5DAE-44B7-8F3A-9355E1D8078A}.Debug|Mixed Platforms.Build.0 = Debug|Any CPU
		{4233F179-5DAE-44B7-8F3A-9355E1D8078A}.Debug|x64.ActiveCfg = Debug|Any CPU
		{4233F179-5DAE-44B7-8F3A-9355E1D8078A}.Debug|x86.ActiveCfg = Debug|Any CPU
		{4233F179-5DAE-44B7-8F3A-9355E1D8078A}.Release|Any CPU.ActiveCfg = Release|Any CPU
		{4233F179-5DAE-44B7-8F3A-9355E1D8078A}.Release|Any CPU.Build.0 = Release|Any CPU
		{4233F179-5DAE-44B7-8F3A-9355E1D8078A}.Release|Mixed Platforms.ActiveCfg = Release|Any CPU
		{4233F179-5DAE-44B7-8F3A-9355E1D8078A}.Release|Mixed Platforms.Build.0 = Release|Any CPU
		{4233F179-5DAE-44B7-8F3A-9355E1D8078A}.Release|x64.ActiveCfg = Release|Any CPU
		{4233F179-5DAE-44B7-8F3A-9355E1D8078A}.Release|x86.ActiveCfg = Release|Any CPU
		{7A3CBCC0-43E6-44E1-ADFA-245055F4E36D}.Debug|Any CPU.ActiveCfg = Debug|Any CPU
		{7A3CBCC0-43E6-44E1-ADFA-245055F4E36D}.Debug|Any CPU.Build.0 = Debug|Any CPU
		{7A3CBCC0-43E6-44E1-ADFA-245055F4E36D}.Debug|Mixed Platforms.ActiveCfg = Debug|Any CPU
		{7A3CBCC0-43E6-44E1-ADFA-245055F4E36D}.Debug|Mixed Platforms.Build.0 = Debug|Any CPU
		{7A3CBCC0-43E6-44E1-ADFA-245055F4E36D}.Debug|x64.ActiveCfg = Debug|Any CPU
		{7A3CBCC0-43E6-44E1-ADFA-245055F4E36D}.Debug|x86.ActiveCfg = Debug|Any CPU
		{7A3CBCC0-43E6-44E1-ADFA-245055F4E36D}.Release|Any CPU.ActiveCfg = Release|Any CPU
		{7A3CBCC0-43E6-44E1-ADFA-245055F4E36D}.Release|Any CPU.Build.0 = Release|Any CPU
		{7A3CBCC0-43E6-44E1-ADFA-245055F4E36D}.Release|Mixed Platforms.ActiveCfg = Release|Any CPU
		{7A3CBCC0-43E6-44E1-ADFA-245055F4E36D}.Release|Mixed Platforms.Build.0 = Release|Any CPU
		{7A3CBCC0-43E6-44E1-ADFA-245055F4E36D}.Release|x64.ActiveCfg = Release|Any CPU
		{7A3CBCC0-43E6-44E1-ADFA-245055F4E36D}.Release|x86.ActiveCfg = Release|Any CPU
		{86CE3E8B-AA8A-42B4-ACDB-2F1C53D3ADE6}.Debug|Any CPU.ActiveCfg = Debug|Any CPU
		{86CE3E8B-AA8A-42B4-ACDB-2F1C53D3ADE6}.Debug|Any CPU.Build.0 = Debug|Any CPU
		{86CE3E8B-AA8A-42B4-ACDB-2F1C53D3ADE6}.Debug|Mixed Platforms.ActiveCfg = Debug|Any CPU
		{86CE3E8B-AA8A-42B4-ACDB-2F1C53D3ADE6}.Debug|Mixed Platforms.Build.0 = Debug|Any CPU
		{86CE3E8B-AA8A-42B4-ACDB-2F1C53D3ADE6}.Debug|x64.ActiveCfg = Debug|Any CPU
		{86CE3E8B-AA8A-42B4-ACDB-2F1C53D3ADE6}.Debug|x86.ActiveCfg = Debug|Any CPU
		{86CE3E8B-AA8A-42B4-ACDB-2F1C53D3ADE6}.Release|Any CPU.ActiveCfg = Release|Any CPU
		{86CE3E8B-AA8A-42B4-ACDB-2F1C53D3ADE6}.Release|Mixed Platforms.ActiveCfg = Release|Any CPU
		{86CE3E8B-AA8A-42B4-ACDB-2F1C53D3ADE6}.Release|x64.ActiveCfg = Release|Any CPU
		{86CE3E8B-AA8A-42B4-ACDB-2F1C53D3ADE6}.Release|x86.ActiveCfg = Release|Any CPU
		{0F0E722B-41C8-4518-A513-1B493DC5A430}.Debug|Any CPU.ActiveCfg = Debug|Any CPU
		{0F0E722B-41C8-4518-A513-1B493DC5A430}.Debug|Any CPU.Build.0 = Debug|Any CPU
		{0F0E722B-41C8-4518-A513-1B493DC5A430}.Debug|Mixed Platforms.ActiveCfg = Debug|Any CPU
		{0F0E722B-41C8-4518-A513-1B493DC5A430}.Debug|Mixed Platforms.Build.0 = Debug|Any CPU
		{0F0E722B-41C8-4518-A513-1B493DC5A430}.Debug|x64.ActiveCfg = Debug|Any CPU
		{0F0E722B-41C8-4518-A513-1B493DC5A430}.Debug|x86.ActiveCfg = Debug|Any CPU
		{0F0E722B-41C8-4518-A513-1B493DC5A430}.Release|Any CPU.ActiveCfg = Release|Any CPU
		{0F0E722B-41C8-4518-A513-1B493DC5A430}.Release|Any CPU.Build.0 = Release|Any CPU
		{0F0E722B-41C8-4518-A513-1B493DC5A430}.Release|Mixed Platforms.ActiveCfg = Release|Any CPU
		{0F0E722B-41C8-4518-A513-1B493DC5A430}.Release|Mixed Platforms.Build.0 = Release|Any CPU
		{0F0E722B-41C8-4518-A513-1B493DC5A430}.Release|x64.ActiveCfg = Release|Any CPU
		{0F0E722B-41C8-4518-A513-1B493DC5A430}.Release|x86.ActiveCfg = Release|Any CPU
		{0A70D379-6214-4E24-BC52-D9133B6005B9}.Debug|Any CPU.ActiveCfg = Debug|Any CPU
		{0A70D379-6214-4E24-BC52-D9133B6005B9}.Debug|Any CPU.Build.0 = Debug|Any CPU
		{0A70D379-6214-4E24-BC52-D9133B6005B9}.Debug|Mixed Platforms.ActiveCfg = Debug|Any CPU
		{0A70D379-6214-4E24-BC52-D9133B6005B9}.Debug|Mixed Platforms.Build.0 = Debug|Any CPU
		{0A70D379-6214-4E24-BC52-D9133B6005B9}.Debug|x64.ActiveCfg = Debug|Any CPU
		{0A70D379-6214-4E24-BC52-D9133B6005B9}.Debug|x86.ActiveCfg = Debug|Any CPU
		{0A70D379-6214-4E24-BC52-D9133B6005B9}.Release|Any CPU.ActiveCfg = Release|Any CPU
		{0A70D379-6214-4E24-BC52-D9133B6005B9}.Release|Mixed Platforms.ActiveCfg = Release|Any CPU
		{0A70D379-6214-4E24-BC52-D9133B6005B9}.Release|x64.ActiveCfg = Release|Any CPU
		{0A70D379-6214-4E24-BC52-D9133B6005B9}.Release|x86.ActiveCfg = Release|Any CPU
		{02BE1AE4-B099-4AEF-A327-B5D272690000}.Debug|Any CPU.ActiveCfg = Debug|Any CPU
		{02BE1AE4-B099-4AEF-A327-B5D272690000}.Debug|Any CPU.Build.0 = Debug|Any CPU
		{02BE1AE4-B099-4AEF-A327-B5D272690000}.Debug|Mixed Platforms.ActiveCfg = Debug|Any CPU
		{02BE1AE4-B099-4AEF-A327-B5D272690000}.Debug|Mixed Platforms.Build.0 = Debug|Any CPU
		{02BE1AE4-B099-4AEF-A327-B5D272690000}.Debug|x64.ActiveCfg = Debug|Any CPU
		{02BE1AE4-B099-4AEF-A327-B5D272690000}.Debug|x86.ActiveCfg = Debug|Any CPU
		{02BE1AE4-B099-4AEF-A327-B5D272690000}.Release|Any CPU.ActiveCfg = Release|Any CPU
		{02BE1AE4-B099-4AEF-A327-B5D272690000}.Release|Any CPU.Build.0 = Release|Any CPU
		{02BE1AE4-B099-4AEF-A327-B5D272690000}.Release|Mixed Platforms.ActiveCfg = Release|Any CPU
		{02BE1AE4-B099-4AEF-A327-B5D272690000}.Release|Mixed Platforms.Build.0 = Release|Any CPU
		{02BE1AE4-B099-4AEF-A327-B5D272690000}.Release|x64.ActiveCfg = Release|Any CPU
		{02BE1AE4-B099-4AEF-A327-B5D272690000}.Release|x86.ActiveCfg = Release|Any CPU
		{CD9075D8-ED44-47C7-A8D1-C4D4D2ADDE97}.Debug|Any CPU.ActiveCfg = Debug|Any CPU
		{CD9075D8-ED44-47C7-A8D1-C4D4D2ADDE97}.Debug|Any CPU.Build.0 = Debug|Any CPU
		{CD9075D8-ED44-47C7-A8D1-C4D4D2ADDE97}.Debug|Mixed Platforms.ActiveCfg = Debug|Any CPU
		{CD9075D8-ED44-47C7-A8D1-C4D4D2ADDE97}.Debug|Mixed Platforms.Build.0 = Debug|Any CPU
		{CD9075D8-ED44-47C7-A8D1-C4D4D2ADDE97}.Debug|x64.ActiveCfg = Debug|Any CPU
		{CD9075D8-ED44-47C7-A8D1-C4D4D2ADDE97}.Debug|x86.ActiveCfg = Debug|Any CPU
		{CD9075D8-ED44-47C7-A8D1-C4D4D2ADDE97}.Release|Any CPU.ActiveCfg = Release|Any CPU
		{CD9075D8-ED44-47C7-A8D1-C4D4D2ADDE97}.Release|Any CPU.Build.0 = Release|Any CPU
		{CD9075D8-ED44-47C7-A8D1-C4D4D2ADDE97}.Release|Mixed Platforms.ActiveCfg = Release|Any CPU
		{CD9075D8-ED44-47C7-A8D1-C4D4D2ADDE97}.Release|Mixed Platforms.Build.0 = Release|Any CPU
		{CD9075D8-ED44-47C7-A8D1-C4D4D2ADDE97}.Release|x64.ActiveCfg = Release|Any CPU
		{CD9075D8-ED44-47C7-A8D1-C4D4D2ADDE97}.Release|x86.ActiveCfg = Release|Any CPU
		{FAA48B7A-5EB5-412B-9B22-5549239C67FF}.Debug|Any CPU.ActiveCfg = Debug|Any CPU
		{FAA48B7A-5EB5-412B-9B22-5549239C67FF}.Debug|Any CPU.Build.0 = Debug|Any CPU
		{FAA48B7A-5EB5-412B-9B22-5549239C67FF}.Debug|Mixed Platforms.ActiveCfg = Debug|Any CPU
		{FAA48B7A-5EB5-412B-9B22-5549239C67FF}.Debug|Mixed Platforms.Build.0 = Debug|Any CPU
		{FAA48B7A-5EB5-412B-9B22-5549239C67FF}.Debug|x64.ActiveCfg = Debug|Any CPU
		{FAA48B7A-5EB5-412B-9B22-5549239C67FF}.Debug|x86.ActiveCfg = Debug|Any CPU
		{FAA48B7A-5EB5-412B-9B22-5549239C67FF}.Release|Any CPU.ActiveCfg = Release|Any CPU
		{FAA48B7A-5EB5-412B-9B22-5549239C67FF}.Release|Any CPU.Build.0 = Release|Any CPU
		{FAA48B7A-5EB5-412B-9B22-5549239C67FF}.Release|Mixed Platforms.ActiveCfg = Release|Any CPU
		{FAA48B7A-5EB5-412B-9B22-5549239C67FF}.Release|Mixed Platforms.Build.0 = Release|Any CPU
		{FAA48B7A-5EB5-412B-9B22-5549239C67FF}.Release|x64.ActiveCfg = Release|Any CPU
		{FAA48B7A-5EB5-412B-9B22-5549239C67FF}.Release|x86.ActiveCfg = Release|Any CPU
		{D162D949-7077-4A6A-9B5F-3DABEB0C12FB}.Debug|Any CPU.ActiveCfg = Debug|Any CPU
		{D162D949-7077-4A6A-9B5F-3DABEB0C12FB}.Debug|Any CPU.Build.0 = Debug|Any CPU
		{D162D949-7077-4A6A-9B5F-3DABEB0C12FB}.Debug|Mixed Platforms.ActiveCfg = Debug|Any CPU
		{D162D949-7077-4A6A-9B5F-3DABEB0C12FB}.Debug|Mixed Platforms.Build.0 = Debug|Any CPU
		{D162D949-7077-4A6A-9B5F-3DABEB0C12FB}.Debug|x64.ActiveCfg = Debug|Any CPU
		{D162D949-7077-4A6A-9B5F-3DABEB0C12FB}.Debug|x86.ActiveCfg = Debug|Any CPU
		{D162D949-7077-4A6A-9B5F-3DABEB0C12FB}.Release|Any CPU.ActiveCfg = Release|Any CPU
		{D162D949-7077-4A6A-9B5F-3DABEB0C12FB}.Release|Any CPU.Build.0 = Release|Any CPU
		{D162D949-7077-4A6A-9B5F-3DABEB0C12FB}.Release|Mixed Platforms.ActiveCfg = Release|Any CPU
		{D162D949-7077-4A6A-9B5F-3DABEB0C12FB}.Release|Mixed Platforms.Build.0 = Release|Any CPU
		{D162D949-7077-4A6A-9B5F-3DABEB0C12FB}.Release|x64.ActiveCfg = Release|Any CPU
		{D162D949-7077-4A6A-9B5F-3DABEB0C12FB}.Release|x86.ActiveCfg = Release|Any CPU
		{75F0B73F-E1C4-4484-9209-BD1EBDA352D6}.Debug|Any CPU.ActiveCfg = Debug|Any CPU
		{75F0B73F-E1C4-4484-9209-BD1EBDA352D6}.Debug|Any CPU.Build.0 = Debug|Any CPU
		{75F0B73F-E1C4-4484-9209-BD1EBDA352D6}.Debug|Mixed Platforms.ActiveCfg = Debug|Any CPU
		{75F0B73F-E1C4-4484-9209-BD1EBDA352D6}.Debug|Mixed Platforms.Build.0 = Debug|Any CPU
		{75F0B73F-E1C4-4484-9209-BD1EBDA352D6}.Debug|x64.ActiveCfg = Debug|Any CPU
		{75F0B73F-E1C4-4484-9209-BD1EBDA352D6}.Debug|x86.ActiveCfg = Debug|Any CPU
		{75F0B73F-E1C4-4484-9209-BD1EBDA352D6}.Release|Any CPU.ActiveCfg = Release|Any CPU
		{75F0B73F-E1C4-4484-9209-BD1EBDA352D6}.Release|Any CPU.Build.0 = Release|Any CPU
		{75F0B73F-E1C4-4484-9209-BD1EBDA352D6}.Release|Mixed Platforms.ActiveCfg = Release|Any CPU
		{75F0B73F-E1C4-4484-9209-BD1EBDA352D6}.Release|Mixed Platforms.Build.0 = Release|Any CPU
		{75F0B73F-E1C4-4484-9209-BD1EBDA352D6}.Release|x64.ActiveCfg = Release|Any CPU
		{75F0B73F-E1C4-4484-9209-BD1EBDA352D6}.Release|x86.ActiveCfg = Release|Any CPU
		{6A173D05-C12B-4AC9-B2F8-1C64706EA7DA}.Debug|Any CPU.ActiveCfg = Debug|Any CPU
		{6A173D05-C12B-4AC9-B2F8-1C64706EA7DA}.Debug|Any CPU.Build.0 = Debug|Any CPU
		{6A173D05-C12B-4AC9-B2F8-1C64706EA7DA}.Debug|Mixed Platforms.ActiveCfg = Debug|Any CPU
		{6A173D05-C12B-4AC9-B2F8-1C64706EA7DA}.Debug|Mixed Platforms.Build.0 = Debug|Any CPU
		{6A173D05-C12B-4AC9-B2F8-1C64706EA7DA}.Debug|x64.ActiveCfg = Debug|Any CPU
		{6A173D05-C12B-4AC9-B2F8-1C64706EA7DA}.Debug|x86.ActiveCfg = Debug|Any CPU
		{6A173D05-C12B-4AC9-B2F8-1C64706EA7DA}.Release|Any CPU.ActiveCfg = Release|Any CPU
		{6A173D05-C12B-4AC9-B2F8-1C64706EA7DA}.Release|Any CPU.Build.0 = Release|Any CPU
		{6A173D05-C12B-4AC9-B2F8-1C64706EA7DA}.Release|Mixed Platforms.ActiveCfg = Release|Any CPU
		{6A173D05-C12B-4AC9-B2F8-1C64706EA7DA}.Release|Mixed Platforms.Build.0 = Release|Any CPU
		{6A173D05-C12B-4AC9-B2F8-1C64706EA7DA}.Release|x64.ActiveCfg = Release|Any CPU
		{6A173D05-C12B-4AC9-B2F8-1C64706EA7DA}.Release|x86.ActiveCfg = Release|Any CPU
		{963DEBA2-7936-4077-95B4-137B0AB73486}.Debug|Any CPU.ActiveCfg = Debug|Any CPU
		{963DEBA2-7936-4077-95B4-137B0AB73486}.Debug|Any CPU.Build.0 = Debug|Any CPU
		{963DEBA2-7936-4077-95B4-137B0AB73486}.Debug|Mixed Platforms.ActiveCfg = Debug|Any CPU
		{963DEBA2-7936-4077-95B4-137B0AB73486}.Debug|Mixed Platforms.Build.0 = Debug|Any CPU
		{963DEBA2-7936-4077-95B4-137B0AB73486}.Debug|x64.ActiveCfg = Debug|Any CPU
		{963DEBA2-7936-4077-95B4-137B0AB73486}.Debug|x86.ActiveCfg = Debug|Any CPU
		{963DEBA2-7936-4077-95B4-137B0AB73486}.Release|Any CPU.ActiveCfg = Release|Any CPU
		{963DEBA2-7936-4077-95B4-137B0AB73486}.Release|Any CPU.Build.0 = Release|Any CPU
		{963DEBA2-7936-4077-95B4-137B0AB73486}.Release|Mixed Platforms.ActiveCfg = Release|Any CPU
		{963DEBA2-7936-4077-95B4-137B0AB73486}.Release|Mixed Platforms.Build.0 = Release|Any CPU
		{963DEBA2-7936-4077-95B4-137B0AB73486}.Release|x64.ActiveCfg = Release|Any CPU
		{963DEBA2-7936-4077-95B4-137B0AB73486}.Release|x86.ActiveCfg = Release|Any CPU
		{C54D789B-C346-4EB4-87A8-F0F693296310}.Debug|Any CPU.ActiveCfg = Debug|Any CPU
		{C54D789B-C346-4EB4-87A8-F0F693296310}.Debug|Any CPU.Build.0 = Debug|Any CPU
		{C54D789B-C346-4EB4-87A8-F0F693296310}.Debug|Mixed Platforms.ActiveCfg = Debug|Any CPU
		{C54D789B-C346-4EB4-87A8-F0F693296310}.Debug|Mixed Platforms.Build.0 = Debug|Any CPU
		{C54D789B-C346-4EB4-87A8-F0F693296310}.Debug|x64.ActiveCfg = Debug|Any CPU
		{C54D789B-C346-4EB4-87A8-F0F693296310}.Debug|x86.ActiveCfg = Debug|Any CPU
		{C54D789B-C346-4EB4-87A8-F0F693296310}.Release|Any CPU.ActiveCfg = Release|Any CPU
		{C54D789B-C346-4EB4-87A8-F0F693296310}.Release|Any CPU.Build.0 = Release|Any CPU
		{C54D789B-C346-4EB4-87A8-F0F693296310}.Release|Mixed Platforms.ActiveCfg = Release|Any CPU
		{C54D789B-C346-4EB4-87A8-F0F693296310}.Release|Mixed Platforms.Build.0 = Release|Any CPU
		{C54D789B-C346-4EB4-87A8-F0F693296310}.Release|x64.ActiveCfg = Release|Any CPU
		{C54D789B-C346-4EB4-87A8-F0F693296310}.Release|x86.ActiveCfg = Release|Any CPU
		{94084A2D-4781-43BB-999A-8FB9544F1168}.Debug|Any CPU.ActiveCfg = Debug|Any CPU
		{94084A2D-4781-43BB-999A-8FB9544F1168}.Debug|Any CPU.Build.0 = Debug|Any CPU
		{94084A2D-4781-43BB-999A-8FB9544F1168}.Debug|Mixed Platforms.ActiveCfg = Debug|Any CPU
		{94084A2D-4781-43BB-999A-8FB9544F1168}.Debug|Mixed Platforms.Build.0 = Debug|Any CPU
		{94084A2D-4781-43BB-999A-8FB9544F1168}.Debug|x64.ActiveCfg = Debug|Any CPU
		{94084A2D-4781-43BB-999A-8FB9544F1168}.Debug|x86.ActiveCfg = Debug|Any CPU
		{94084A2D-4781-43BB-999A-8FB9544F1168}.Release|Any CPU.ActiveCfg = Release|Any CPU
		{94084A2D-4781-43BB-999A-8FB9544F1168}.Release|Any CPU.Build.0 = Release|Any CPU
		{94084A2D-4781-43BB-999A-8FB9544F1168}.Release|Mixed Platforms.ActiveCfg = Release|Any CPU
		{94084A2D-4781-43BB-999A-8FB9544F1168}.Release|Mixed Platforms.Build.0 = Release|Any CPU
		{94084A2D-4781-43BB-999A-8FB9544F1168}.Release|x64.ActiveCfg = Release|Any CPU
		{94084A2D-4781-43BB-999A-8FB9544F1168}.Release|x86.ActiveCfg = Release|Any CPU
		{1F4DF8BA-6022-4920-9490-5383796D072D}.Debug|Any CPU.ActiveCfg = Debug|Any CPU
		{1F4DF8BA-6022-4920-9490-5383796D072D}.Debug|Any CPU.Build.0 = Debug|Any CPU
		{1F4DF8BA-6022-4920-9490-5383796D072D}.Debug|Mixed Platforms.ActiveCfg = Debug|Any CPU
		{1F4DF8BA-6022-4920-9490-5383796D072D}.Debug|Mixed Platforms.Build.0 = Debug|Any CPU
		{1F4DF8BA-6022-4920-9490-5383796D072D}.Debug|x64.ActiveCfg = Debug|Any CPU
		{1F4DF8BA-6022-4920-9490-5383796D072D}.Debug|x64.Build.0 = Debug|Any CPU
		{1F4DF8BA-6022-4920-9490-5383796D072D}.Debug|x86.ActiveCfg = Debug|Any CPU
		{1F4DF8BA-6022-4920-9490-5383796D072D}.Release|Any CPU.ActiveCfg = Release|Any CPU
		{1F4DF8BA-6022-4920-9490-5383796D072D}.Release|Any CPU.Build.0 = Release|Any CPU
		{1F4DF8BA-6022-4920-9490-5383796D072D}.Release|Mixed Platforms.ActiveCfg = Release|Any CPU
		{1F4DF8BA-6022-4920-9490-5383796D072D}.Release|Mixed Platforms.Build.0 = Release|Any CPU
		{1F4DF8BA-6022-4920-9490-5383796D072D}.Release|x64.ActiveCfg = Release|Any CPU
		{1F4DF8BA-6022-4920-9490-5383796D072D}.Release|x64.Build.0 = Release|Any CPU
		{1F4DF8BA-6022-4920-9490-5383796D072D}.Release|x86.ActiveCfg = Release|Any CPU
		{7934C29D-21FB-4F10-8831-F3D5A4FF6057}.Debug|Any CPU.ActiveCfg = Debug|Any CPU
		{7934C29D-21FB-4F10-8831-F3D5A4FF6057}.Debug|Any CPU.Build.0 = Debug|Any CPU
		{7934C29D-21FB-4F10-8831-F3D5A4FF6057}.Debug|Mixed Platforms.ActiveCfg = Debug|Any CPU
		{7934C29D-21FB-4F10-8831-F3D5A4FF6057}.Debug|Mixed Platforms.Build.0 = Debug|Any CPU
		{7934C29D-21FB-4F10-8831-F3D5A4FF6057}.Debug|x64.ActiveCfg = Debug|Any CPU
		{7934C29D-21FB-4F10-8831-F3D5A4FF6057}.Debug|x64.Build.0 = Debug|Any CPU
		{7934C29D-21FB-4F10-8831-F3D5A4FF6057}.Debug|x86.ActiveCfg = Debug|Any CPU
		{7934C29D-21FB-4F10-8831-F3D5A4FF6057}.Release|Any CPU.ActiveCfg = Release|Any CPU
		{7934C29D-21FB-4F10-8831-F3D5A4FF6057}.Release|Any CPU.Build.0 = Release|Any CPU
		{7934C29D-21FB-4F10-8831-F3D5A4FF6057}.Release|Mixed Platforms.ActiveCfg = Release|Any CPU
		{7934C29D-21FB-4F10-8831-F3D5A4FF6057}.Release|Mixed Platforms.Build.0 = Release|Any CPU
		{7934C29D-21FB-4F10-8831-F3D5A4FF6057}.Release|x64.ActiveCfg = Release|Any CPU
		{7934C29D-21FB-4F10-8831-F3D5A4FF6057}.Release|x64.Build.0 = Release|Any CPU
		{7934C29D-21FB-4F10-8831-F3D5A4FF6057}.Release|x86.ActiveCfg = Release|Any CPU
		{3E76622F-9B20-40D5-BFD5-C2710F0BDAF8}.Debug|Any CPU.ActiveCfg = Debug|Any CPU
		{3E76622F-9B20-40D5-BFD5-C2710F0BDAF8}.Debug|Any CPU.Build.0 = Debug|Any CPU
		{3E76622F-9B20-40D5-BFD5-C2710F0BDAF8}.Debug|Mixed Platforms.ActiveCfg = Debug|Any CPU
		{3E76622F-9B20-40D5-BFD5-C2710F0BDAF8}.Debug|Mixed Platforms.Build.0 = Debug|Any CPU
		{3E76622F-9B20-40D5-BFD5-C2710F0BDAF8}.Debug|x64.ActiveCfg = Debug|Any CPU
		{3E76622F-9B20-40D5-BFD5-C2710F0BDAF8}.Debug|x64.Build.0 = Debug|Any CPU
		{3E76622F-9B20-40D5-BFD5-C2710F0BDAF8}.Debug|x86.ActiveCfg = Debug|Any CPU
		{3E76622F-9B20-40D5-BFD5-C2710F0BDAF8}.Release|Any CPU.ActiveCfg = Release|Any CPU
		{3E76622F-9B20-40D5-BFD5-C2710F0BDAF8}.Release|Any CPU.Build.0 = Release|Any CPU
		{3E76622F-9B20-40D5-BFD5-C2710F0BDAF8}.Release|Mixed Platforms.ActiveCfg = Release|Any CPU
		{3E76622F-9B20-40D5-BFD5-C2710F0BDAF8}.Release|Mixed Platforms.Build.0 = Release|Any CPU
		{3E76622F-9B20-40D5-BFD5-C2710F0BDAF8}.Release|x64.ActiveCfg = Release|Any CPU
		{3E76622F-9B20-40D5-BFD5-C2710F0BDAF8}.Release|x64.Build.0 = Release|Any CPU
		{3E76622F-9B20-40D5-BFD5-C2710F0BDAF8}.Release|x86.ActiveCfg = Release|Any CPU
		{99131EDA-1650-48BD-A6C0-CA28F9218E46}.Debug|Any CPU.ActiveCfg = Debug|Any CPU
		{99131EDA-1650-48BD-A6C0-CA28F9218E46}.Debug|Any CPU.Build.0 = Debug|Any CPU
		{99131EDA-1650-48BD-A6C0-CA28F9218E46}.Debug|Mixed Platforms.ActiveCfg = Debug|Any CPU
		{99131EDA-1650-48BD-A6C0-CA28F9218E46}.Debug|Mixed Platforms.Build.0 = Debug|Any CPU
		{99131EDA-1650-48BD-A6C0-CA28F9218E46}.Debug|x64.ActiveCfg = Debug|Any CPU
		{99131EDA-1650-48BD-A6C0-CA28F9218E46}.Debug|x64.Build.0 = Debug|Any CPU
		{99131EDA-1650-48BD-A6C0-CA28F9218E46}.Debug|x86.ActiveCfg = Debug|Any CPU
		{99131EDA-1650-48BD-A6C0-CA28F9218E46}.Debug|x86.Build.0 = Debug|Any CPU
		{99131EDA-1650-48BD-A6C0-CA28F9218E46}.Release|Any CPU.ActiveCfg = Release|Any CPU
		{99131EDA-1650-48BD-A6C0-CA28F9218E46}.Release|Mixed Platforms.ActiveCfg = Release|Any CPU
		{99131EDA-1650-48BD-A6C0-CA28F9218E46}.Release|x64.ActiveCfg = Release|Any CPU
		{99131EDA-1650-48BD-A6C0-CA28F9218E46}.Release|x64.Build.0 = Release|Any CPU
		{99131EDA-1650-48BD-A6C0-CA28F9218E46}.Release|x86.ActiveCfg = Release|Any CPU
		{99131EDA-1650-48BD-A6C0-CA28F9218E46}.Release|x86.Build.0 = Release|Any CPU
		{17C60BF1-78DB-4449-BFD9-2217FA745B41}.Debug|Any CPU.ActiveCfg = Debug|Any CPU
		{17C60BF1-78DB-4449-BFD9-2217FA745B41}.Debug|Any CPU.Build.0 = Debug|Any CPU
		{17C60BF1-78DB-4449-BFD9-2217FA745B41}.Debug|Mixed Platforms.ActiveCfg = Debug|Any CPU
		{17C60BF1-78DB-4449-BFD9-2217FA745B41}.Debug|Mixed Platforms.Build.0 = Debug|Any CPU
		{17C60BF1-78DB-4449-BFD9-2217FA745B41}.Debug|x64.ActiveCfg = Debug|Any CPU
		{17C60BF1-78DB-4449-BFD9-2217FA745B41}.Debug|x64.Build.0 = Debug|Any CPU
		{17C60BF1-78DB-4449-BFD9-2217FA745B41}.Debug|x86.ActiveCfg = Debug|Any CPU
		{17C60BF1-78DB-4449-BFD9-2217FA745B41}.Debug|x86.Build.0 = Debug|Any CPU
		{17C60BF1-78DB-4449-BFD9-2217FA745B41}.Release|Any CPU.ActiveCfg = Release|Any CPU
		{17C60BF1-78DB-4449-BFD9-2217FA745B41}.Release|Mixed Platforms.ActiveCfg = Release|Any CPU
		{17C60BF1-78DB-4449-BFD9-2217FA745B41}.Release|x64.ActiveCfg = Release|Any CPU
		{17C60BF1-78DB-4449-BFD9-2217FA745B41}.Release|x64.Build.0 = Release|Any CPU
		{17C60BF1-78DB-4449-BFD9-2217FA745B41}.Release|x86.ActiveCfg = Release|Any CPU
		{17C60BF1-78DB-4449-BFD9-2217FA745B41}.Release|x86.Build.0 = Release|Any CPU
	EndGlobalSection
	GlobalSection(SolutionProperties) = preSolution
		HideSolutionNode = FALSE
	EndGlobalSection
	GlobalSection(NestedProjects) = preSolution
		{6917CFC2-4F2B-4C1A-939E-B05D07ACCFEA} = {0D5CC344-A2F1-4B24-A974-D12774BCEAA0}
		{EFB76932-713A-4124-B0C2-704765868582} = {F37ADEA1-EA88-475B-AA16-992CEE7C2CD0}
		{45A7B5FC-72C1-4787-A0CD-8E289C2188B9} = {0D5CC344-A2F1-4B24-A974-D12774BCEAA0}
		{45F8AEA0-62C2-4656-9773-A89A827F085D} = {7D4E0A1A-6D42-4DA9-963B-6A889DB4377F}
		{F143340B-3635-4A24-949B-5196EF04C3F2} = {7D4E0A1A-6D42-4DA9-963B-6A889DB4377F}
		{7F9BF0D3-6629-4D2E-9CB7-7061D8728F7B} = {0D5CC344-A2F1-4B24-A974-D12774BCEAA0}
		{974E0791-F6A4-4AAE-9613-4D9DEACE4FF4} = {0D5CC344-A2F1-4B24-A974-D12774BCEAA0}
		{7205FB51-1A99-4BAF-8E4B-855F21AD275D} = {0D5CC344-A2F1-4B24-A974-D12774BCEAA0}
		{AC68E80D-2A36-497B-A410-25A259A0E2D1} = {0D5CC344-A2F1-4B24-A974-D12774BCEAA0}
		{4233F179-5DAE-44B7-8F3A-9355E1D8078A} = {F37ADEA1-EA88-475B-AA16-992CEE7C2CD0}
		{7A3CBCC0-43E6-44E1-ADFA-245055F4E36D} = {7D4E0A1A-6D42-4DA9-963B-6A889DB4377F}
		{86CE3E8B-AA8A-42B4-ACDB-2F1C53D3ADE6} = {C009447B-110D-4FEE-98C7-FB8F6AEE456E}
		{0F0E722B-41C8-4518-A513-1B493DC5A430} = {7D4E0A1A-6D42-4DA9-963B-6A889DB4377F}
		{0A70D379-6214-4E24-BC52-D9133B6005B9} = {F37ADEA1-EA88-475B-AA16-992CEE7C2CD0}
		{02BE1AE4-B099-4AEF-A327-B5D272690000} = {7D4E0A1A-6D42-4DA9-963B-6A889DB4377F}
		{CD9075D8-ED44-47C7-A8D1-C4D4D2ADDE97} = {7D4E0A1A-6D42-4DA9-963B-6A889DB4377F}
		{FAA48B7A-5EB5-412B-9B22-5549239C67FF} = {F37ADEA1-EA88-475B-AA16-992CEE7C2CD0}
		{D162D949-7077-4A6A-9B5F-3DABEB0C12FB} = {0D5CC344-A2F1-4B24-A974-D12774BCEAA0}
		{75F0B73F-E1C4-4484-9209-BD1EBDA352D6} = {0D5CC344-A2F1-4B24-A974-D12774BCEAA0}
		{6A173D05-C12B-4AC9-B2F8-1C64706EA7DA} = {0D5CC344-A2F1-4B24-A974-D12774BCEAA0}
		{963DEBA2-7936-4077-95B4-137B0AB73486} = {7D4E0A1A-6D42-4DA9-963B-6A889DB4377F}
		{C54D789B-C346-4EB4-87A8-F0F693296310} = {0D5CC344-A2F1-4B24-A974-D12774BCEAA0}
		{94084A2D-4781-43BB-999A-8FB9544F1168} = {0D5CC344-A2F1-4B24-A974-D12774BCEAA0}
		{1F4DF8BA-6022-4920-9490-5383796D072D} = {7D4E0A1A-6D42-4DA9-963B-6A889DB4377F}
		{7934C29D-21FB-4F10-8831-F3D5A4FF6057} = {0D5CC344-A2F1-4B24-A974-D12774BCEAA0}
		{3E76622F-9B20-40D5-BFD5-C2710F0BDAF8} = {0D5CC344-A2F1-4B24-A974-D12774BCEAA0}
		{99131EDA-1650-48BD-A6C0-CA28F9218E46} = {C009447B-110D-4FEE-98C7-FB8F6AEE456E}
		{17C60BF1-78DB-4449-BFD9-2217FA745B41} = {C009447B-110D-4FEE-98C7-FB8F6AEE456E}
	EndGlobalSection
EndGlobal
